# This file is automatically @generated by Cargo.
# It is not intended for manual editing.
version = 3

[[package]]
name = "arbitrary"
version = "1.3.2"
source = "git+http://github.com/rust-fuzz/arbitrary#74122c8ebcca5e318848fdc20596f646a43a2336"

[[package]]
name = "arbring"
version = "0.1.0"
dependencies = [
 "arbtest",
]

[[package]]
name = "arbtest"
version = "0.3.1"
source = "registry+https://github.com/rust-lang/crates.io-index"
checksum = "23909d5fb517fac2a8a4c887e847dbe41dd22ec46914586f5727980d0a193fdc"
dependencies = [
 "arbitrary",
]
